
Microsoft Visual Studio Solution File, Format Version 12.00
# Visual Studio Version 17
VisualStudioVersion = 17.9.34723.18
MinimumVisualStudioVersion = 10.0.40219.1
Project("{FAE04EC0-301F-11D3-BF4B-00C04F79EFBC}") = "linkexpiry", "linkexpiry.csproj", "{B654853C-658C-484B-B7FE-D44B8A92877C}"
EndProject
Global
	GlobalSection(SolutionConfigurationPlatforms) = preSolution
		Debug|Any CPU = Debug|Any CPU
		Release|Any CPU = Release|Any CPU
	EndGlobalSection
	GlobalSection(ProjectConfigurationPlatforms) = postSolution
		{B654853C-658C-484B-B7FE-D44B8A92877C}.Debug|Any CPU.ActiveCfg = Debug|Any CPU
		{B654853C-658C-484B-B7FE-D44B8A92877C}.Debug|Any CPU.Build.0 = Debug|Any CPU
		{B654853C-658C-484B-B7FE-D44B8A92877C}.Release|Any CPU.ActiveCfg = Release|Any CPU
		{B654853C-658C-484B-B7FE-D44B8A92877C}.Release|Any CPU.Build.0 = Release|Any CPU
	EndGlobalSection
	GlobalSection(SolutionProperties) = preSolution
		HideSolutionNode = FALSE
	EndGlobalSection
	GlobalSection(ExtensibilityGlobals) = postSolution
		SolutionGuid = {25C302D7-B898-4DA2-9D56-3759C41BC379}
	EndGlobalSection
EndGlobal
